Microsoft Visual Studio Solution File, Format Version 11.00
# Visual Studio 2010
Project("{FAE04EC0-301F-11D3-BF4B-00C04F79EFBC}") = "QText", "QText\QText.csproj", "{04547092-4BDC-4B6D-B39A-6473271FAF79}"
EndProject
Project("{FAE04EC0-301F-11D3-BF4B-00C04F79EFBC}") = "QText Test", "QText Test\QText Test.csproj", "{55251BF6-2E25-4864-A1F7-4B1C0D73653E}"
EndProject
Project("{2150E333-8FDC-42A3-9474-1A3956D46DE8}") = "Solution Items", "Solution Items", "{1D61630B-A264-4837-B1BE-E33A3FAA5D26}"
	ProjectSection(SolutionItems) = preProject
		Local.testsettings = Local.testsettings
		QText.vsmdi = QText.vsmdi
		TraceAndTestImpact.testsettings = TraceAndTestImpact.testsettings
	EndProjectSection
EndProject
Global
	GlobalSection(TestCaseManagementSettings) = postSolution
		CategoryFile = QText.vsmdi
	EndGlobalSection
	GlobalSection(SolutionConfigurationPlatforms) = preSolution
		Debug|Any CPU = Debug|Any CPU
		Release|Any CPU = Release|Any CPU
	EndGlobalSection
	GlobalSection(ProjectConfigurationPlatforms) = postSolution
		{04547092-4BDC-4B6D-B39A-6473271FAF79}.Debug|Any CPU.ActiveCfg = Debug|Any CPU
		{04547092-4BDC-4B6D-B39A-6473271FAF79}.Debug|Any CPU.Build.0 = Debug|Any CPU
		{04547092-4BDC-4B6D-B39A-6473271FAF79}.Release|Any CPU.ActiveCfg = Release|Any CPU
		{04547092-4BDC-4B6D-B39A-6473271FAF79}.Release|Any CPU.Build.0 = Release|Any CPU
		{55251BF6-2E25-4864-A1F7-4B1C0D73653E}.Debug|Any CPU.ActiveCfg = Debug|Any CPU
		{55251BF6-2E25-4864-A1F7-4B1C0D73653E}.Debug|Any CPU.Build.0 = Debug|Any CPU
		{55251BF6-2E25-4864-A1F7-4B1C0D73653E}.Release|Any CPU.ActiveCfg = Release|Any CPU
		{55251BF6-2E25-4864-A1F7-4B1C0D73653E}.Release|Any CPU.Build.0 = Release|Any CPU
	EndGlobalSection
	GlobalSection(SolutionProperties) = preSolution
		HideSolutionNode = FALSE
	EndGlobalSection
EndGlobal
